Microsoft Visual Studio Solution File, Format Version 12.00
# Visual Studio Version 16
VisualStudioVersion = 16.0.31402.337
MinimumVisualStudioVersion = 10.0.40219.1
Project("{FAE04EC0-301F-11D3-BF4B-00C04F79EFBC}") = "BinPacker", "BinPacker\BinPacker.csproj", "{62EE4E6D-230B-49D5-8F8A-6266CE3CAF12}"
EndProject
Project("{FAE04EC0-301F-11D3-BF4B-00C04F79EFBC}") = "Rzxe", "..\..\lib\Rzxe\Rzxe.csproj", "{827DBEC3-A270-4273-B69D-194A466BD35B}"
EndProject
Project("{FAE04EC0-301F-11D3-BF4B-00C04F79EFBC}") = "Pencil.Gaming", "..\..\..\submodules\Pencil.Gaming\Pencil.Gaming\Pencil.Gaming.csproj", "{DDB6DB6D-E5DE-4BDB-8AC8-26DF800E9FF0}"
EndProject
Global
	GlobalSection(SolutionConfigurationPlatforms) = preSolution
		Compatibility-GLFW2|Any CPU = Compatibility-GLFW2|Any CPU
		Compatibility-GLFW2|x86 = Compatibility-GLFW2|x86
		Compatibility-GLFW3|Any CPU = Compatibility-GLFW3|Any CPU
		Compatibility-GLFW3|x86 = Compatibility-GLFW3|x86
		Core-GLFW2|Any CPU = Core-GLFW2|Any CPU
		Core-GLFW2|x86 = Core-GLFW2|x86
		Core-GLFW3|Any CPU = Core-GLFW3|Any CPU
		Core-GLFW3|x86 = Core-GLFW3|x86
		Debug|Any CPU = Debug|Any CPU
		Debug|x86 = Debug|x86
		Release|Any CPU = Release|Any CPU
		Release|x86 = Release|x86
	EndGlobalSection
	GlobalSection(ProjectConfigurationPlatforms) = postSolution
		{62EE4E6D-230B-49D5-8F8A-6266CE3CAF12}.Compatibility-GLFW2|Any CPU.ActiveCfg = Debug|x86
		{62EE4E6D-230B-49D5-8F8A-6266CE3CAF12}.Compatibility-GLFW2|Any CPU.Build.0 = Debug|x86
		{62EE4E6D-230B-49D5-8F8A-6266CE3CAF12}.Compatibility-GLFW2|x86.ActiveCfg = Release|x86
		{62EE4E6D-230B-49D5-8F8A-6266CE3CAF12}.Compatibility-GLFW2|x86.Build.0 = Release|x86
		{62EE4E6D-230B-49D5-8F8A-6266CE3CAF12}.Compatibility-GLFW3|Any CPU.ActiveCfg = Debug|x86
		{62EE4E6D-230B-49D5-8F8A-6266CE3CAF12}.Compatibility-GLFW3|Any CPU.Build.0 = Debug|x86
		{62EE4E6D-230B-49D5-8F8A-6266CE3CAF12}.Compatibility-GLFW3|x86.ActiveCfg = Release|x86
		{62EE4E6D-230B-49D5-8F8A-6266CE3CAF12}.Compatibility-GLFW3|x86.Build.0 = Release|x86
		{62EE4E6D-230B-49D5-8F8A-6266CE3CAF12}.Core-GLFW2|Any CPU.ActiveCfg = Debug|x86
		{62EE4E6D-230B-49D5-8F8A-6266CE3CAF12}.Core-GLFW2|Any CPU.Build.0 = Debug|x86
		{62EE4E6D-230B-49D5-8F8A-6266CE3CAF12}.Core-GLFW2|x86.ActiveCfg = Release|x86
		{62EE4E6D-230B-49D5-8F8A-6266CE3CAF12}.Core-GLFW2|x86.Build.0 = Release|x86
		{62EE4E6D-230B-49D5-8F8A-6266CE3CAF12}.Core-GLFW3|Any CPU.ActiveCfg = Debug|x86
		{62EE4E6D-230B-49D5-8F8A-6266CE3CAF12}.Core-GLFW3|Any CPU.Build.0 = Debug|x86
		{62EE4E6D-230B-49D5-8F8A-6266CE3CAF12}.Core-GLFW3|x86.ActiveCfg = Release|x86
		{62EE4E6D-230B-49D5-8F8A-6266CE3CAF12}.Core-GLFW3|x86.Build.0 = Release|x86
		{62EE4E6D-230B-49D5-8F8A-6266CE3CAF12}.Debug|Any CPU.ActiveCfg = Debug|x86
		{62EE4E6D-230B-49D5-8F8A-6266CE3CAF12}.Debug|x86.ActiveCfg = Debug|x86
		{62EE4E6D-230B-49D5-8F8A-6266CE3CAF12}.Debug|x86.Build.0 = Debug|x86
		{62EE4E6D-230B-49D5-8F8A-6266CE3CAF12}.Release|Any CPU.ActiveCfg = Release|x86
		{62EE4E6D-230B-49D5-8F8A-6266CE3CAF12}.Release|x86.ActiveCfg = Release|x86
		{62EE4E6D-230B-49D5-8F8A-6266CE3CAF12}.Release|x86.Build.0 = Release|x86
		{827DBEC3-A270-4273-B69D-194A466BD35B}.Compatibility-GLFW2|Any CPU.ActiveCfg = Debug|Any CPU
		{827DBEC3-A270-4273-B69D-194A466BD35B}.Compatibility-GLFW2|Any CPU.Build.0 = Debug|Any CPU
		{827DBEC3-A270-4273-B69D-194A466BD35B}.Compatibility-GLFW2|x86.ActiveCfg = Release|Any CPU
		{827DBEC3-A270-4273-B69D-194A466BD35B}.Compatibility-GLFW2|x86.Build.0 = Release|Any CPU
		{827DBEC3-A270-4273-B69D-194A466BD35B}.Compatibility-GLFW3|Any CPU.ActiveCfg = Debug|Any CPU
		{827DBEC3-A270-4273-B69D-194A466BD35B}.Compatibility-GLFW3|Any CPU.Build.0 = Debug|Any CPU
		{827DBEC3-A270-4273-B69D-194A466BD35B}.Compatibility-GLFW3|x86.ActiveCfg = Release|Any CPU
		{827DBEC3-A270-4273-B69D-194A466BD35B}.Compatibility-GLFW3|x86.Build.0 = Release|Any CPU
		{827DBEC3-A270-4273-B69D-194A466BD35B}.Core-GLFW2|Any CPU.ActiveCfg = Debug|Any CPU
		{827DBEC3-A270-4273-B69D-194A466BD35B}.Core-GLFW2|Any CPU.Build.0 = Debug|Any CPU
		{827DBEC3-A270-4273-B69D-194A466BD35B}.Core-GLFW2|x86.ActiveCfg = Release|Any CPU
		{827DBEC3-A270-4273-B69D-194A466BD35B}.Core-GLFW2|x86.Build.0 = Release|Any CPU
		{827DBEC3-A270-4273-B69D-194A466BD35B}.Core-GLFW3|Any CPU.ActiveCfg = Debug|Any CPU
		{827DBEC3-A270-4273-B69D-194A466BD35B}.Core-GLFW3|Any CPU.Build.0 = Debug|Any CPU
		{827DBEC3-A270-4273-B69D-194A466BD35B}.Core-GLFW3|x86.ActiveCfg = Release|Any CPU
		{827DBEC3-A270-4273-B69D-194A466BD35B}.Core-GLFW3|x86.Build.0 = Release|Any CPU
		{827DBEC3-A270-4273-B69D-194A466BD35B}.Debug|Any CPU.ActiveCfg = Debug|Any CPU
		{827DBEC3-A270-4273-B69D-194A466BD35B}.Debug|Any CPU.Build.0 = Debug|Any CPU
		{827DBEC3-A270-4273-B69D-194A466BD35B}.Debug|x86.ActiveCfg = Debug|Any CPU
		{827DBEC3-A270-4273-B69D-194A466BD35B}.Debug|x86.Build.0 = Debug|Any CPU
		{827DBEC3-A270-4273-B69D-194A466BD35B}.Release|Any CPU.ActiveCfg = Release|Any CPU
		{827DBEC3-A270-4273-B69D-194A466BD35B}.Release|Any CPU.Build.0 = Release|Any CPU
		{827DBEC3-A270-4273-B69D-194A466BD35B}.Release|x86.ActiveCfg = Release|Any CPU
		{827DBEC3-A270-4273-B69D-194A466BD35B}.Release|x86.Build.0 = Release|Any CPU
		{DDB6DB6D-E5DE-4BDB-8AC8-26DF800E9FF0}.Compatibility-GLFW2|Any CPU.ActiveCfg = Compatibility-GLFW2|Any CPU
		{DDB6DB6D-E5DE-4BDB-8AC8-26DF800E9FF0}.Compatibility-GLFW2|Any CPU.Build.0 = Compatibility-GLFW2|Any CPU
		{DDB6DB6D-E5DE-4BDB-8AC8-26DF800E9FF0}.Compatibility-GLFW2|x86.ActiveCfg = Compatibility-GLFW2|Any CPU
		{DDB6DB6D-E5DE-4BDB-8AC8-26DF800E9FF0}.Compatibility-GLFW2|x86.Build.0 = Compatibility-GLFW2|Any CPU
		{DDB6DB6D-E5DE-4BDB-8AC8-26DF800E9FF0}.Compatibility-GLFW3|Any CPU.ActiveCfg = Compatibility-GLFW3|Any CPU
		{DDB6DB6D-E5DE-4BDB-8AC8-26DF800E9FF0}.Compatibility-GLFW3|Any CPU.Build.0 = Compatibility-GLFW3|Any CPU
		{DDB6DB6D-E5DE-4BDB-8AC8-26DF800E9FF0}.Compatibility-GLFW3|x86.ActiveCfg = Compatibility-GLFW3|Any CPU
		{DDB6DB6D-E5DE-4BDB-8AC8-26DF800E9FF0}.Compatibility-GLFW3|x86.Build.0 = Compatibility-GLFW3|Any CPU
		{DDB6DB6D-E5DE-4BDB-8AC8-26DF800E9FF0}.Core-GLFW2|Any CPU.ActiveCfg = Core-GLFW2|Any CPU
		{DDB6DB6D-E5DE-4BDB-8AC8-26DF800E9FF0}.Core-GLFW2|Any CPU.Build.0 = Core-GLFW2|Any CPU
		{DDB6DB6D-E5DE-4BDB-8AC8-26DF800E9FF0}.Core-GLFW2|x86.ActiveCfg = Core-GLFW2|Any CPU
		{DDB6DB6D-E5DE-4BDB-8AC8-26DF800E9FF0}.Core-GLFW2|x86.Build.0 = Core-GLFW2|Any CPU
		{DDB6DB6D-E5DE-4BDB-8AC8-26DF800E9FF0}.Core-GLFW3|Any CPU.ActiveCfg = Core-GLFW3|Any CPU
		{DDB6DB6D-E5DE-4BDB-8AC8-26DF800E9FF0}.Core-GLFW3|Any CPU.Build.0 = Core-GLFW3|Any CPU
		{DDB6DB6D-E5DE-4BDB-8AC8-26DF800E9FF0}.Core-GLFW3|x86.ActiveCfg = Core-GLFW3|Any CPU
		{DDB6DB6D-E5DE-4BDB-8AC8-26DF800E9FF0}.Core-GLFW3|x86.Build.0 = Core-GLFW3|Any CPU
		{DDB6DB6D-E5DE-4BDB-8AC8-26DF800E9FF0}.Debug|Any CPU.ActiveCfg = Core-GLFW3|Any CPU
		{DDB6DB6D-E5DE-4BDB-8AC8-26DF800E9FF0}.Debug|Any CPU.Build.0 = Core-GLFW3|Any CPU
		{DDB6DB6D-E5DE-4BDB-8AC8-26DF800E9FF0}.Debug|x86.ActiveCfg = Core-GLFW3|Any CPU
		{DDB6DB6D-E5DE-4BDB-8AC8-26DF800E9FF0}.Debug|x86.Build.0 = Core-GLFW3|Any CPU
		{DDB6DB6D-E5DE-4BDB-8AC8-26DF800E9FF0}.Release|Any CPU.ActiveCfg = Core-GLFW3|Any CPU
		{DDB6DB6D-E5DE-4BDB-8AC8-26DF800E9FF0}.Release|Any CPU.Build.0 = Core-GLFW3|Any CPU
		{DDB6DB6D-E5DE-4BDB-8AC8-26DF800E9FF0}.Release|x86.ActiveCfg = Core-GLFW3|Any CPU
		{DDB6DB6D-E5DE-4BDB-8AC8-26DF800E9FF0}.Release|x86.Build.0 = Core-GLFW3|Any CPU
	EndGlobalSection
	GlobalSection(SolutionProperties) = preSolution
		HideSolutionNode = FALSE
	EndGlobalSection
	GlobalSection(ExtensibilityGlobals) = postSolution
		SolutionGuid = {A3799EEA-5C7D-42EA-8D2B-002B9C116871}
	EndGlobalSection
EndGlobal
